
Microsoft Visual Studio Solution File, Format Version 12.00
# Visual Studio Version 17
VisualStudioVersion = 17.5.002.0
MinimumVisualStudioVersion = 10.0.40219.1
Project("{9A19103F-16F7-4668-BE54-9A1E7A4F7556}") = "24.10.2024", "24.10.2024.csproj", "{0FCD2025-1E97-4DCD-A9F2-4876CD082B99}"
EndProject
Global
	GlobalSection(SolutionConfigurationPlatforms) = preSolution
		Debug|Any CPU = Debug|Any CPU
		Release|Any CPU = Release|Any CPU
	EndGlobalSection
	GlobalSection(ProjectConfigurationPlatforms) = postSolution
		{0FCD2025-1E97-4DCD-A9F2-4876CD082B99}.Debug|Any CPU.ActiveCfg = Debug|Any CPU
		{0FCD2025-1E97-4DCD-A9F2-4876CD082B99}.Debug|Any CPU.Build.0 = Debug|Any CPU
		{0FCD2025-1E97-4DCD-A9F2-4876CD082B99}.Release|Any CPU.ActiveCfg = Release|Any CPU
		{0FCD2025-1E97-4DCD-A9F2-4876CD082B99}.Release|Any CPU.Build.0 = Release|Any CPU
	EndGlobalSection
	GlobalSection(SolutionProperties) = preSolution
		HideSolutionNode = FALSE
	EndGlobalSection
	GlobalSection(ExtensibilityGlobals) = postSolution
		SolutionGuid = {68641100-B8E6-46EF-940C-97DFE18A45CD}
	EndGlobalSection
EndGlobal
