Microsoft Visual Studio Solution File, Format Version 12.00
# Visual Studio Version 17
VisualStudioVersion = 17.5.2.0
MinimumVisualStudioVersion = 10.0.40219.1
Project("{FAE04EC0-301F-11D3-BF4B-00C04F79EFBC}") = "21.04.2025", "21.04.2025.csproj", "{2D9C8359-A925-38F8-965C-51800CF2A69D}"
EndProject
Global
	GlobalSection(SolutionConfigurationPlatforms) = preSolution
		Debug|Any CPU = Debug|Any CPU
		Release|Any CPU = Release|Any CPU
	EndGlobalSection
	GlobalSection(ProjectConfigurationPlatforms) = postSolution
		{2D9C8359-A925-38F8-965C-51800CF2A69D}.Debug|Any CPU.ActiveCfg = Debug|Any CPU
		{2D9C8359-A925-38F8-965C-51800CF2A69D}.Debug|Any CPU.Build.0 = Debug|Any CPU
		{2D9C8359-A925-38F8-965C-51800CF2A69D}.Release|Any CPU.ActiveCfg = Release|Any CPU
		{2D9C8359-A925-38F8-965C-51800CF2A69D}.Release|Any CPU.Build.0 = Release|Any CPU
	EndGlobalSection
	GlobalSection(SolutionProperties) = preSolution
		HideSolutionNode = FALSE
	EndGlobalSection
	GlobalSection(ExtensibilityGlobals) = postSolution
		SolutionGuid = {52BB80E1-40D5-4021-9F6E-B8515C1C62FD}
	EndGlobalSection
EndGlobal
