
Microsoft Visual Studio Solution File, Format Version 12.00
# Visual Studio Version 17
VisualStudioVersion = 17.5.002.0
MinimumVisualStudioVersion = 10.0.40219.1
Project("{9A19103F-16F7-4668-BE54-9A1E7A4F7556}") = "alchemy", "alchemy.csproj", "{7908AF39-8479-4A23-A796-BBD14BE327E4}"
EndProject
Global
	GlobalSection(SolutionConfigurationPlatforms) = preSolution
		Debug|Any CPU = Debug|Any CPU
		Release|Any CPU = Release|Any CPU
	EndGlobalSection
	GlobalSection(ProjectConfigurationPlatforms) = postSolution
		{7908AF39-8479-4A23-A796-BBD14BE327E4}.Debug|Any CPU.ActiveCfg = Debug|Any CPU
		{7908AF39-8479-4A23-A796-BBD14BE327E4}.Debug|Any CPU.Build.0 = Debug|Any CPU
		{7908AF39-8479-4A23-A796-BBD14BE327E4}.Release|Any CPU.ActiveCfg = Release|Any CPU
		{7908AF39-8479-4A23-A796-BBD14BE327E4}.Release|Any CPU.Build.0 = Release|Any CPU
	EndGlobalSection
	GlobalSection(SolutionProperties) = preSolution
		HideSolutionNode = FALSE
	EndGlobalSection
	GlobalSection(ExtensibilityGlobals) = postSolution
		SolutionGuid = {E857DADF-ABD1-45F5-92B1-385CF1D7BB35}
	EndGlobalSection
EndGlobal
