Microsoft Visual Studio Solution File, Format Version 12.00
# Visual Studio Version 17
VisualStudioVersion = 17.5.2.0
MinimumVisualStudioVersion = 10.0.40219.1
Project("{FAE04EC0-301F-11D3-BF4B-00C04F79EFBC}") = "rgr", "rgr.csproj", "{C36290B2-5FD0-BBC7-EB6C-E7638113AEAB}"
EndProject
Global
	GlobalSection(SolutionConfigurationPlatforms) = preSolution
		Debug|Any CPU = Debug|Any CPU
		Release|Any CPU = Release|Any CPU
	EndGlobalSection
	GlobalSection(ProjectConfigurationPlatforms) = postSolution
		{C36290B2-5FD0-BBC7-EB6C-E7638113AEAB}.Debug|Any CPU.ActiveCfg = Debug|Any CPU
		{C36290B2-5FD0-BBC7-EB6C-E7638113AEAB}.Debug|Any CPU.Build.0 = Debug|Any CPU
		{C36290B2-5FD0-BBC7-EB6C-E7638113AEAB}.Release|Any CPU.ActiveCfg = Release|Any CPU
		{C36290B2-5FD0-BBC7-EB6C-E7638113AEAB}.Release|Any CPU.Build.0 = Release|Any CPU
	EndGlobalSection
	GlobalSection(SolutionProperties) = preSolution
		HideSolutionNode = FALSE
	EndGlobalSection
	GlobalSection(ExtensibilityGlobals) = postSolution
		SolutionGuid = {BF9E5955-7E67-4005-BB3A-06A9B3C18312}
	EndGlobalSection
EndGlobal
