Microsoft Visual Studio Solution File, Format Version 12.00
# Visual Studio Version 17
VisualStudioVersion = 17.5.2.0
MinimumVisualStudioVersion = 10.0.40219.1
Project("{FAE04EC0-301F-11D3-BF4B-00C04F79EFBC}") = "02.06.2025", "02.06.2025.csproj", "{90E59EDC-E25F-20DE-F845-D1B3A06703D4}"
EndProject
Global
	GlobalSection(SolutionConfigurationPlatforms) = preSolution
		Debug|Any CPU = Debug|Any CPU
		Release|Any CPU = Release|Any CPU
	EndGlobalSection
	GlobalSection(ProjectConfigurationPlatforms) = postSolution
		{90E59EDC-E25F-20DE-F845-D1B3A06703D4}.Debug|Any CPU.ActiveCfg = Debug|Any CPU
		{90E59EDC-E25F-20DE-F845-D1B3A06703D4}.Debug|Any CPU.Build.0 = Debug|Any CPU
		{90E59EDC-E25F-20DE-F845-D1B3A06703D4}.Release|Any CPU.ActiveCfg = Release|Any CPU
		{90E59EDC-E25F-20DE-F845-D1B3A06703D4}.Release|Any CPU.Build.0 = Release|Any CPU
	EndGlobalSection
	GlobalSection(SolutionProperties) = preSolution
		HideSolutionNode = FALSE
	EndGlobalSection
	GlobalSection(ExtensibilityGlobals) = postSolution
		SolutionGuid = {95D401E9-7C0B-44CF-8121-79D975054B85}
	EndGlobalSection
EndGlobal
