
Microsoft Visual Studio Solution File, Format Version 12.00
# Visual Studio Version 17
VisualStudioVersion = 17.5.002.0
MinimumVisualStudioVersion = 10.0.40219.1
Project("{9A19103F-16F7-4668-BE54-9A1E7A4F7556}") = "22.11.2024", "22.11.2024.csproj", "{F343B2F3-9C7C-4029-B0E5-8BD49F848016}"
EndProject
Global
	GlobalSection(SolutionConfigurationPlatforms) = preSolution
		Debug|Any CPU = Debug|Any CPU
		Release|Any CPU = Release|Any CPU
	EndGlobalSection
	GlobalSection(ProjectConfigurationPlatforms) = postSolution
		{F343B2F3-9C7C-4029-B0E5-8BD49F848016}.Debug|Any CPU.ActiveCfg = Debug|Any CPU
		{F343B2F3-9C7C-4029-B0E5-8BD49F848016}.Debug|Any CPU.Build.0 = Debug|Any CPU
		{F343B2F3-9C7C-4029-B0E5-8BD49F848016}.Release|Any CPU.ActiveCfg = Release|Any CPU
		{F343B2F3-9C7C-4029-B0E5-8BD49F848016}.Release|Any CPU.Build.0 = Release|Any CPU
	EndGlobalSection
	GlobalSection(SolutionProperties) = preSolution
		HideSolutionNode = FALSE
	EndGlobalSection
	GlobalSection(ExtensibilityGlobals) = postSolution
		SolutionGuid = {0C27DED0-01FA-4009-A0FF-69654D8FF39A}
	EndGlobalSection
EndGlobal
