
Microsoft Visual Studio Solution File, Format Version 12.00
# Visual Studio Version 17
VisualStudioVersion = 17.5.002.0
MinimumVisualStudioVersion = 10.0.40219.1
Project("{9A19103F-16F7-4668-BE54-9A1E7A4F7556}") = "02.10.2024", "02.10.2024.csproj", "{A47ACA2A-3677-43D5-9949-0C51D399D6E8}"
EndProject
Global
	GlobalSection(SolutionConfigurationPlatforms) = preSolution
		Debug|Any CPU = Debug|Any CPU
		Release|Any CPU = Release|Any CPU
	EndGlobalSection
	GlobalSection(ProjectConfigurationPlatforms) = postSolution
		{A47ACA2A-3677-43D5-9949-0C51D399D6E8}.Debug|Any CPU.ActiveCfg = Debug|Any CPU
		{A47ACA2A-3677-43D5-9949-0C51D399D6E8}.Debug|Any CPU.Build.0 = Debug|Any CPU
		{A47ACA2A-3677-43D5-9949-0C51D399D6E8}.Release|Any CPU.ActiveCfg = Release|Any CPU
		{A47ACA2A-3677-43D5-9949-0C51D399D6E8}.Release|Any CPU.Build.0 = Release|Any CPU
	EndGlobalSection
	GlobalSection(SolutionProperties) = preSolution
		HideSolutionNode = FALSE
	EndGlobalSection
	GlobalSection(ExtensibilityGlobals) = postSolution
		SolutionGuid = {6F6B8499-6B08-4804-A280-910A859A5CE5}
	EndGlobalSection
EndGlobal
