Microsoft Visual Studio Solution File, Format Version 12.00
# Visual Studio Version 17
VisualStudioVersion = 17.5.2.0
MinimumVisualStudioVersion = 10.0.40219.1
Project("{FAE04EC0-301F-11D3-BF4B-00C04F79EFBC}") = "balls", "balls.csproj", "{9C3C2700-D65B-2AE1-C28E-915212BAE9C2}"
EndProject
Global
	GlobalSection(SolutionConfigurationPlatforms) = preSolution
		Debug|Any CPU = Debug|Any CPU
		Release|Any CPU = Release|Any CPU
	EndGlobalSection
	GlobalSection(ProjectConfigurationPlatforms) = postSolution
		{9C3C2700-D65B-2AE1-C28E-915212BAE9C2}.Debug|Any CPU.ActiveCfg = Debug|Any CPU
		{9C3C2700-D65B-2AE1-C28E-915212BAE9C2}.Debug|Any CPU.Build.0 = Debug|Any CPU
		{9C3C2700-D65B-2AE1-C28E-915212BAE9C2}.Release|Any CPU.ActiveCfg = Release|Any CPU
		{9C3C2700-D65B-2AE1-C28E-915212BAE9C2}.Release|Any CPU.Build.0 = Release|Any CPU
	EndGlobalSection
	GlobalSection(SolutionProperties) = preSolution
		HideSolutionNode = FALSE
	EndGlobalSection
	GlobalSection(ExtensibilityGlobals) = postSolution
		SolutionGuid = {866DDFB2-FFE5-4FF9-972B-3AE678F8730B}
	EndGlobalSection
EndGlobal
