Microsoft Visual Studio Solution File, Format Version 12.00
# Visual Studio Version 17
VisualStudioVersion = 17.5.2.0
MinimumVisualStudioVersion = 10.0.40219.1
Project("{FAE04EC0-301F-11D3-BF4B-00C04F79EFBC}") = "19.05.2025", "19.05.2025.csproj", "{DE4A1EF8-466A-20C6-C24E-CD7C3B25C251}"
EndProject
Global
	GlobalSection(SolutionConfigurationPlatforms) = preSolution
		Debug|Any CPU = Debug|Any CPU
		Release|Any CPU = Release|Any CPU
	EndGlobalSection
	GlobalSection(ProjectConfigurationPlatforms) = postSolution
		{DE4A1EF8-466A-20C6-C24E-CD7C3B25C251}.Debug|Any CPU.ActiveCfg = Debug|Any CPU
		{DE4A1EF8-466A-20C6-C24E-CD7C3B25C251}.Debug|Any CPU.Build.0 = Debug|Any CPU
		{DE4A1EF8-466A-20C6-C24E-CD7C3B25C251}.Release|Any CPU.ActiveCfg = Release|Any CPU
		{DE4A1EF8-466A-20C6-C24E-CD7C3B25C251}.Release|Any CPU.Build.0 = Release|Any CPU
	EndGlobalSection
	GlobalSection(SolutionProperties) = preSolution
		HideSolutionNode = FALSE
	EndGlobalSection
	GlobalSection(ExtensibilityGlobals) = postSolution
		SolutionGuid = {0105095A-0D7D-493D-A079-EF11678D1A90}
	EndGlobalSection
EndGlobal
